Microsoft Visual Studio Solution File, Format Version 11.00
# Visual Studio 2008

Project("{ADE9C6F3-F9B8-05BC-75ED-B55FD2E0C2D5}") = "planetlord_alpha", "Assembly-CSharp-vs.csproj", "{B4B38EE7-A34C-5DBD-108F-A8C78AAE415A}"
EndProject
Global
	GlobalSection(SolutionConfigurationPlatforms) = preSolution
		Debug|Any CPU = Debug|Any CPU
		Release|Any CPU = Release|Any CPU
	EndGlobalSection
	GlobalSection(ProjectConfigurationPlatforms) = postSolution
		{B4B38EE7-A34C-5DBD-108F-A8C78AAE415A}.Debug|Any CPU.ActiveCfg = Debug|Any CPU
		{B4B38EE7-A34C-5DBD-108F-A8C78AAE415A}.Debug|Any CPU.Build.0 = Debug|Any CPU
		{B4B38EE7-A34C-5DBD-108F-A8C78AAE415A}.Release|Any CPU.ActiveCfg = Release|Any CPU
		{B4B38EE7-A34C-5DBD-108F-A8C78AAE415A}.Release|Any CPU.Build.0 = Release|Any CPU
	EndGlobalSection
	GlobalSection(SolutionProperties) = preSolution
		HideSolutionNode = FALSE
	EndGlobalSection
																																																																																																																																																																																																																									GlobalSection(MonoDevelopProperties) = preSolution
		StartupItem = Assembly-CSharp.csproj
		Policies = $0
		$0.TextStylePolicy = $1
		$1.inheritsSet = null
		$1.scope = text/x-csharp
		$0.CSharpFormattingPolicy = $2
		$2.inheritsSet = Mono
		$2.inheritsScope = text/x-csharp
		$2.scope = text/x-csharp
		$0.TextStylePolicy = $3
		$3.FileWidth = 120
		$3.TabWidth = 4
		$3.EolMarker = Unix
		$3.inheritsSet = Mono
		$3.inheritsScope = text/plain
		$3.scope = text/plain
	EndGlobalSection

EndGlobal
